
Microsoft Visual Studio Solution File, Format Version 12.00
# Visual Studio Version 17
VisualStudioVersion = 17.14.36915.13
MinimumVisualStudioVersion = 10.0.40219.1
Project("{FAE04EC0-301F-11D3-BF4B-00C04F79EFBC}") = "CurrencyConverter.Api", "CurrencyConverter.Api\CurrencyConverter.Api.csproj", "{6CF0D578-4254-42ED-898C-AB033D7F55B2}"
EndProject
Project("{FAE04EC0-301F-11D3-BF4B-00C04F79EFBC}") = "CurrencyConverter.Application", "CurrencyConverter.Application\CurrencyConverter.Application.csproj", "{AC4DCA5E-1166-4AF5-AADA-408656CD8416}"
EndProject
Project("{FAE04EC0-301F-11D3-BF4B-00C04F79EFBC}") = "CurrencyConverter.Domain", "CurrencyConverter.Domain\CurrencyConverter.Domain.csproj", "{2289F8C6-60EC-4562-9A26-7BEA1B8E77CA}"
EndProject
Project("{FAE04EC0-301F-11D3-BF4B-00C04F79EFBC}") = "CurrencyConverter.Infrastructure", "CurrencyConverter.Infrastructure\CurrencyConverter.Infrastructure.csproj", "{A85F589C-EF7F-4DE2-81A6-01D7A85FAAFE}"
EndProject
Project("{2150E333-8FDC-42A3-9474-1A3956D46DE8}") = "tests", "tests", "{02EA681E-C7D8-13C7-8484-4AC65E1B71E8}"
	ProjectSection(SolutionItems) = preProject
		tests\TEST_STRUCTURE.md = tests\TEST_STRUCTURE.md
		tests\run-tests-with-coverage.ps1 = tests\run-tests-with-coverage.ps1
		tests\QUICK_REFERENCE.md = tests\QUICK_REFERENCE.md
		tests\INTEGRATION_TEST_APPROACH.md = tests\INTEGRATION_TEST_APPROACH.md
		tests\run-tests-with-detailed-coverage.ps1 = tests\run-tests-with-detailed-coverage.ps1
	EndProjectSection
EndProject
Project("{FAE04EC0-301F-11D3-BF4B-00C04F79EFBC}") = "CurrencyConverter.UnitTests", "tests\CurrencyConverter.UnitTests\CurrencyConverter.UnitTests.csproj", "{A1183FC0-BFF1-4589-AB50-EB1F81C0059F}"
EndProject
Project("{FAE04EC0-301F-11D3-BF4B-00C04F79EFBC}") = "CurrencyConverter.IntegrationTests", "tests\CurrencyConverter.IntegrationTests\CurrencyConverter.IntegrationTests.csproj", "{C513F4E2-0F66-474A-81E7-114F66425A7B}"
EndProject
Global
	GlobalSection(SolutionConfigurationPlatforms) = preSolution
		Debug|Any CPU = Debug|Any CPU
		Debug|x64 = Debug|x64
		Debug|x86 = Debug|x86
		Release|Any CPU = Release|Any CPU
		Release|x64 = Release|x64
		Release|x86 = Release|x86
	EndGlobalSection
	GlobalSection(ProjectConfigurationPlatforms) = postSolution
		{6CF0D578-4254-42ED-898C-AB033D7F55B2}.Debug|Any CPU.ActiveCfg = Debug|Any CPU
		{6CF0D578-4254-42ED-898C-AB033D7F55B2}.Debug|Any CPU.Build.0 = Debug|Any CPU
		{6CF0D578-4254-42ED-898C-AB033D7F55B2}.Debug|x64.ActiveCfg = Debug|Any CPU
		{6CF0D578-4254-42ED-898C-AB033D7F55B2}.Debug|x64.Build.0 = Debug|Any CPU
		{6CF0D578-4254-42ED-898C-AB033D7F55B2}.Debug|x86.ActiveCfg = Debug|Any CPU
		{6CF0D578-4254-42ED-898C-AB033D7F55B2}.Debug|x86.Build.0 = Debug|Any CPU
		{6CF0D578-4254-42ED-898C-AB033D7F55B2}.Release|Any CPU.ActiveCfg = Release|Any CPU
		{6CF0D578-4254-42ED-898C-AB033D7F55B2}.Release|Any CPU.Build.0 = Release|Any CPU
		{6CF0D578-4254-42ED-898C-AB033D7F55B2}.Release|x64.ActiveCfg = Release|Any CPU
		{6CF0D578-4254-42ED-898C-AB033D7F55B2}.Release|x64.Build.0 = Release|Any CPU
		{6CF0D578-4254-42ED-898C-AB033D7F55B2}.Release|x86.ActiveCfg = Release|Any CPU
		{6CF0D578-4254-42ED-898C-AB033D7F55B2}.Release|x86.Build.0 = Release|Any CPU
		{AC4DCA5E-1166-4AF5-AADA-408656CD8416}.Debug|Any CPU.ActiveCfg = Debug|Any CPU
		{AC4DCA5E-1166-4AF5-AADA-408656CD8416}.Debug|Any CPU.Build.0 = Debug|Any CPU
		{AC4DCA5E-1166-4AF5-AADA-408656CD8416}.Debug|x64.ActiveCfg = Debug|Any CPU
		{AC4DCA5E-1166-4AF5-AADA-408656CD8416}.Debug|x64.Build.0 = Debug|Any CPU
		{AC4DCA5E-1166-4AF5-AADA-408656CD8416}.Debug|x86.ActiveCfg = Debug|Any CPU
		{AC4DCA5E-1166-4AF5-AADA-408656CD8416}.Debug|x86.Build.0 = Debug|Any CPU
		{AC4DCA5E-1166-4AF5-AADA-408656CD8416}.Release|Any CPU.ActiveCfg = Release|Any CPU
		{AC4DCA5E-1166-4AF5-AADA-408656CD8416}.Release|Any CPU.Build.0 = Release|Any CPU
		{AC4DCA5E-1166-4AF5-AADA-408656CD8416}.Release|x64.ActiveCfg = Release|Any CPU
		{AC4DCA5E-1166-4AF5-AADA-408656CD8416}.Release|x64.Build.0 = Release|Any CPU
		{AC4DCA5E-1166-4AF5-AADA-408656CD8416}.Release|x86.ActiveCfg = Release|Any CPU
		{AC4DCA5E-1166-4AF5-AADA-408656CD8416}.Release|x86.Build.0 = Release|Any CPU
		{2289F8C6-60EC-4562-9A26-7BEA1B8E77CA}.Debug|Any CPU.ActiveCfg = Debug|Any CPU
		{2289F8C6-60EC-4562-9A26-7BEA1B8E77CA}.Debug|Any CPU.Build.0 = Debug|Any CPU
		{2289F8C6-60EC-4562-9A26-7BEA1B8E77CA}.Debug|x64.ActiveCfg = Debug|Any CPU
		{2289F8C6-60EC-4562-9A26-7BEA1B8E77CA}.Debug|x64.Build.0 = Debug|Any CPU
		{2289F8C6-60EC-4562-9A26-7BEA1B8E77CA}.Debug|x86.ActiveCfg = Debug|Any CPU
		{2289F8C6-60EC-4562-9A26-7BEA1B8E77CA}.Debug|x86.Build.0 = Debug|Any CPU
		{2289F8C6-60EC-4562-9A26-7BEA1B8E77CA}.Release|Any CPU.ActiveCfg = Release|Any CPU
		{2289F8C6-60EC-4562-9A26-7BEA1B8E77CA}.Release|Any CPU.Build.0 = Release|Any CPU
		{2289F8C6-60EC-4562-9A26-7BEA1B8E77CA}.Release|x64.ActiveCfg = Release|Any CPU
		{2289F8C6-60EC-4562-9A26-7BEA1B8E77CA}.Release|x64.Build.0 = Release|Any CPU
		{2289F8C6-60EC-4562-9A26-7BEA1B8E77CA}.Release|x86.ActiveCfg = Release|Any CPU
		{2289F8C6-60EC-4562-9A26-7BEA1B8E77CA}.Release|x86.Build.0 = Release|Any CPU
		{A85F589C-EF7F-4DE2-81A6-01D7A85FAAFE}.Debug|Any CPU.ActiveCfg = Debug|Any CPU
		{A85F589C-EF7F-4DE2-81A6-01D7A85FAAFE}.Debug|Any CPU.Build.0 = Debug|Any CPU
		{A85F589C-EF7F-4DE2-81A6-01D7A85FAAFE}.Debug|x64.ActiveCfg = Debug|Any CPU
		{A85F589C-EF7F-4DE2-81A6-01D7A85FAAFE}.Debug|x64.Build.0 = Debug|Any CPU
		{A85F589C-EF7F-4DE2-81A6-01D7A85FAAFE}.Debug|x86.ActiveCfg = Debug|Any CPU
		{A85F589C-EF7F-4DE2-81A6-01D7A85FAAFE}.Debug|x86.Build.0 = Debug|Any CPU
		{A85F589C-EF7F-4DE2-81A6-01D7A85FAAFE}.Release|Any CPU.ActiveCfg = Release|Any CPU
		{A85F589C-EF7F-4DE2-81A6-01D7A85FAAFE}.Release|Any CPU.Build.0 = Release|Any CPU
		{A85F589C-EF7F-4DE2-81A6-01D7A85FAAFE}.Release|x64.ActiveCfg = Release|Any CPU
		{A85F589C-EF7F-4DE2-81A6-01D7A85FAAFE}.Release|x64.Build.0 = Release|Any CPU
		{A85F589C-EF7F-4DE2-81A6-01D7A85FAAFE}.Release|x86.ActiveCfg = Release|Any CPU
		{A85F589C-EF7F-4DE2-81A6-01D7A85FAAFE}.Release|x86.Build.0 = Release|Any CPU
		{A1183FC0-BFF1-4589-AB50-EB1F81C0059F}.Debug|Any CPU.ActiveCfg = Debug|Any CPU
		{A1183FC0-BFF1-4589-AB50-EB1F81C0059F}.Debug|Any CPU.Build.0 = Debug|Any CPU
		{A1183FC0-BFF1-4589-AB50-EB1F81C0059F}.Debug|x64.ActiveCfg = Debug|Any CPU
		{A1183FC0-BFF1-4589-AB50-EB1F81C0059F}.Debug|x64.Build.0 = Debug|Any CPU
		{A1183FC0-BFF1-4589-AB50-EB1F81C0059F}.Debug|x86.ActiveCfg = Debug|Any CPU
		{A1183FC0-BFF1-4589-AB50-EB1F81C0059F}.Debug|x86.Build.0 = Debug|Any CPU
		{A1183FC0-BFF1-4589-AB50-EB1F81C0059F}.Release|Any CPU.ActiveCfg = Release|Any CPU
		{A1183FC0-BFF1-4589-AB50-EB1F81C0059F}.Release|Any CPU.Build.0 = Release|Any CPU
		{A1183FC0-BFF1-4589-AB50-EB1F81C0059F}.Release|x64.ActiveCfg = Release|Any CPU
		{A1183FC0-BFF1-4589-AB50-EB1F81C0059F}.Release|x64.Build.0 = Release|Any CPU
		{A1183FC0-BFF1-4589-AB50-EB1F81C0059F}.Release|x86.ActiveCfg = Release|Any CPU
		{A1183FC0-BFF1-4589-AB50-EB1F81C0059F}.Release|x86.Build.0 = Release|Any CPU
		{C513F4E2-0F66-474A-81E7-114F66425A7B}.Debug|Any CPU.ActiveCfg = Debug|Any CPU
		{C513F4E2-0F66-474A-81E7-114F66425A7B}.Debug|Any CPU.Build.0 = Debug|Any CPU
		{C513F4E2-0F66-474A-81E7-114F66425A7B}.Debug|x64.ActiveCfg = Debug|Any CPU
		{C513F4E2-0F66-474A-81E7-114F66425A7B}.Debug|x64.Build.0 = Debug|Any CPU
		{C513F4E2-0F66-474A-81E7-114F66425A7B}.Debug|x86.ActiveCfg = Debug|Any CPU
		{C513F4E2-0F66-474A-81E7-114F66425A7B}.Debug|x86.Build.0 = Debug|Any CPU
		{C513F4E2-0F66-474A-81E7-114F66425A7B}.Release|Any CPU.ActiveCfg = Release|Any CPU
		{C513F4E2-0F66-474A-81E7-114F66425A7B}.Release|Any CPU.Build.0 = Release|Any CPU
		{C513F4E2-0F66-474A-81E7-114F66425A7B}.Release|x64.ActiveCfg = Release|Any CPU
		{C513F4E2-0F66-474A-81E7-114F66425A7B}.Release|x64.Build.0 = Release|Any CPU
		{C513F4E2-0F66-474A-81E7-114F66425A7B}.Release|x86.ActiveCfg = Release|Any CPU
		{C513F4E2-0F66-474A-81E7-114F66425A7B}.Release|x86.Build.0 = Release|Any CPU
	EndGlobalSection
	GlobalSection(SolutionProperties) = preSolution
		HideSolutionNode = FALSE
	EndGlobalSection
	GlobalSection(NestedProjects) = preSolution
		{A1183FC0-BFF1-4589-AB50-EB1F81C0059F} = {02EA681E-C7D8-13C7-8484-4AC65E1B71E8}
		{C513F4E2-0F66-474A-81E7-114F66425A7B} = {02EA681E-C7D8-13C7-8484-4AC65E1B71E8}
	EndGlobalSection
	GlobalSection(ExtensibilityGlobals) = postSolution
		SolutionGuid = {38475E0D-9F67-4B2B-A8C3-8FB4A4C2D390}
	EndGlobalSection
EndGlobal
